// !$*UTF8*$!
{
	archiveVersion = 1;
	classes = {
	};
	objectVersion = 55;
	objects = {

/* Begin PBXBuildFile section */
		8462AE462845ECF9004D41D7 /* Assets.xcassets in Resources */ = {isa = PBXBuildFile; fileRef = 8462AE452845ECF9004D41D7 /* Assets.xcassets */; };
		8462AE542845ECF9004D41D7 /* Tests.swift in Sources */ = {isa = PBXBuildFile; fileRef = 8462AE532845ECF9004D41D7 /* Tests.swift */; };
		8462AE742845F170004D41D7 /* DataBaseClient.swift in Sources */ = {isa = PBXBuildFile; fileRef = 8462AE6F2845F170004D41D7 /* DataBaseClient.swift */; };
		8462AE752845F170004D41D7 /* main.tiff in Resources */ = {isa = PBXBuildFile; fileRef = 8462AE702845F170004D41D7 /* main.tiff */; };
		84E8C4782845F5C500B87E5E /* main.swift in Sources */ = {isa = PBXBuildFile; fileRef = 84E8C4772845F5C500B87E5E /* main.swift */; };
		84E8C47B2845F66C00B87E5E /* MainMenu.xib in Resources */ = {isa = PBXBuildFile; fileRef = 84E8C47A2845F66C00B87E5E /* MainMenu.xib */; };
		84E8C47E2845F68300B87E5E /* AnInputController.swift in Sources */ = {isa = PBXBuildFile; fileRef = 84E8C47C2845F68300B87E5E /* AnInputController.swift */; };
		84E8C47F2845F68300B87E5E /* ContentView.swift in Sources */ = {isa = PBXBuildFile; fileRef = 84E8C47D2845F68300B87E5E /* ContentView.swift */; };
/* End PBXBuildFile section */

/* Begin PBXContainerItemProxy section */
		8462AE502845ECF9004D41D7 /* PBXContainerItemProxy */ = {
			isa = PBXContainerItemProxy;
			containerPortal = 8462AE362845ECF8004D41D7 /* Project object */;
			proxyType = 1;
			remoteGlobalIDString = 8462AE3D2845ECF8004D41D7;
			remoteInfo = aaaa;
		};
/* End PBXContainerItemProxy section */

/* Begin PBXFileReference section */
		8462AE3E2845ECF8004D41D7 /* ihelper.app */ = {isa = PBXFileReference; explicitFileType = wrapper.application; includeInIndex = 0; path = ihelper.app; sourceTree = BUILT_PRODUCTS_DIR; };
		8462AE452845ECF9004D41D7 /* Assets.xcassets */ = {isa = PBXFileReference; lastKnownFileType = folder.assetcatalog; path = Assets.xcassets; sourceTree = "<group>"; };
		8462AE482845ECF9004D41D7 /* Preview Assets.xcassets */ = {isa = PBXFileReference; lastKnownFileType = folder.assetcatalog; path = "Preview Assets.xcassets"; sourceTree = "<group>"; };
		8462AE4F2845ECF9004D41D7 /* ihelperTests.xctest */ = {isa = PBXFileReference; explicitFileType = wrapper.cfbundle; includeInIndex = 0; path = ihelperTests.xctest; sourceTree = BUILT_PRODUCTS_DIR; };
		8462AE532845ECF9004D41D7 /* Tests.swift */ = {isa = PBXFileReference; lastKnownFileType = sourcecode.swift; path = Tests.swift; sourceTree = "<group>"; };
		8462AE6E2845F0A4004D41D7 /* ihelper.entitlements */ = {isa = PBXFileReference; lastKnownFileType = text.plist.entitlements; path = ihelper.entitlements; sourceTree = "<group>"; };
		8462AE6F2845F170004D41D7 /* DataBaseClient.swift */ = {isa = PBXFileReference; fileEncoding = 4; lastKnownFileType = sourcecode.swift; path = DataBaseClient.swift; sourceTree = "<group>"; };
		8462AE702845F170004D41D7 /* main.tiff */ = {isa = PBXFileReference; lastKnownFileType = image.tiff; path = main.tiff; sourceTree = "<group>"; };
		8462AE722845F170004D41D7 /* Info.plist */ = {isa = PBXFileReference; fileEncoding = 4; lastKnownFileType = text.plist.xml; path = Info.plist; sourceTree = "<group>"; };
		84E8C4772845F5C500B87E5E /* main.swift */ = {isa = PBXFileReference; fileEncoding = 4; lastKnownFileType = sourcecode.swift; path = main.swift; sourceTree = "<group>"; };
		84E8C4792845F62B00B87E5E /* Info.plist */ = {isa = PBXFileReference; lastKnownFileType = text.plist.xml; path = Info.plist; sourceTree = "<group>"; };
		84E8C47A2845F66C00B87E5E /* MainMenu.xib */ = {isa = PBXFileReference; fileEncoding = 4; lastKnownFileType = file.xib; path = MainMenu.xib; sourceTree = "<group>"; };
		84E8C47C2845F68300B87E5E /* AnInputController.swift */ = {isa = PBXFileReference; fileEncoding = 4; lastKnownFileType = sourcecode.swift; path = AnInputController.swift; sourceTree = "<group>"; };
		84E8C47D2845F68300B87E5E /* ContentView.swift */ = {isa = PBXFileReference; fileEncoding = 4; lastKnownFileType = sourcecode.swift; path = ContentView.swift; sourceTree = "<group>"; };
/* End PBXFileReference section */

/* Begin PBXFrameworksBuildPhase section */
		8462AE3B2845ECF8004D41D7 /* Frameworks */ = {
			isa = PBXFrameworksBuildPhase;
			buildActionMask = 2147483647;
			files = (
			);
			runOnlyForDeploymentPostprocessing = 0;
		};
		8462AE4C2845ECF9004D41D7 /* Frameworks */ = {
			isa = PBXFrameworksBuildPhase;
			buildActionMask = 2147483647;
			files = (
			);
			runOnlyForDeploymentPostprocessing = 0;
		};
/* End PBXFrameworksBuildPhase section */

/* Begin PBXGroup section */
		8462AE352845ECF8004D41D7 = {
			isa = PBXGroup;
			children = (
				8462AE722845F170004D41D7 /* Info.plist */,
				8462AE6E2845F0A4004D41D7 /* ihelper.entitlements */,
				8462AE402845ECF8004D41D7 /* App */,
				8462AE522845ECF9004D41D7 /* Tests */,
				8462AE3F2845ECF8004D41D7 /* Products */,
			);
			sourceTree = "<group>";
		};
		8462AE3F2845ECF8004D41D7 /* Products */ = {
			isa = PBXGroup;
			children = (
				8462AE3E2845ECF8004D41D7 /* ihelper.app */,
				8462AE4F2845ECF9004D41D7 /* ihelperTests.xctest */,
			);
			name = Products;
			sourceTree = "<group>";
		};
		8462AE402845ECF8004D41D7 /* App */ = {
			isa = PBXGroup;
			children = (
				84E8C47C2845F68300B87E5E /* AnInputController.swift */,
				84E8C47D2845F68300B87E5E /* ContentView.swift */,
				84E8C47A2845F66C00B87E5E /* MainMenu.xib */,
				84E8C4772845F5C500B87E5E /* main.swift */,
				8462AE6F2845F170004D41D7 /* DataBaseClient.swift */,
				8462AE702845F170004D41D7 /* main.tiff */,
				8462AE452845ECF9004D41D7 /* Assets.xcassets */,
				8462AE472845ECF9004D41D7 /* Preview Content */,
			);
			path = App;
			sourceTree = "<group>";
		};
		8462AE472845ECF9004D41D7 /* Preview Content */ = {
			isa = PBXGroup;
			children = (
				8462AE482845ECF9004D41D7 /* Preview Assets.xcassets */,
			);
			path = "Preview Content";
			sourceTree = "<group>";
		};
		8462AE522845ECF9004D41D7 /* Tests */ = {
			isa = PBXGroup;
			children = (
				84E8C4792845F62B00B87E5E /* Info.plist */,
				8462AE532845ECF9004D41D7 /* Tests.swift */,
			);
			path = Tests;
			sourceTree = "<group>";
		};
/* End PBXGroup section */

/* Begin PBXNativeTarget section */
		8462AE3D2845ECF8004D41D7 /* ihelper */ = {
			isa = PBXNativeTarget;
			buildConfigurationList = 8462AE632845ECF9004D41D7 /* Build configuration list for PBXNativeTarget "ihelper" */;
			buildPhases = (
				8462AE3A2845ECF8004D41D7 /* Sources */,
				8462AE3B2845ECF8004D41D7 /* Frameworks */,
				8462AE3C2845ECF8004D41D7 /* Resources */,
			);
			buildRules = (
			);
			dependencies = (
			);
			name = ihelper;
			productName = aaaa;
			productReference = 8462AE3E2845ECF8004D41D7 /* ihelper.app */;
			productType = "com.apple.product-type.application";
		};
		8462AE4E2845ECF9004D41D7 /* ihelperTests */ = {
			isa = PBXNativeTarget;
			buildConfigurationList = 8462AE662845ECF9004D41D7 /* Build configuration list for PBXNativeTarget "ihelperTests" */;
			buildPhases = (
				8462AE4B2845ECF9004D41D7 /* Sources */,
				8462AE4C2845ECF9004D41D7 /* Frameworks */,
				8462AE4D2845ECF9004D41D7 /* Resources */,
			);
			buildRules = (
			);
			dependencies = (
				8462AE512845ECF9004D41D7 /* PBXTargetDependency */,
			);
			name = ihelperTests;
			productName = aaaaTests;
			productReference = 8462AE4F2845ECF9004D41D7 /* ihelperTests.xctest */;
			productType = "com.apple.product-type.bundle.unit-test";
		};
/* End PBXNativeTarget section */

/* Begin PBXProject section */
		8462AE362845ECF8004D41D7 /* Project object */ = {
			isa = PBXProject;
			attributes = {
				BuildIndependentTargetsInParallel = 1;
				LastSwiftUpdateCheck = 1340;
				LastUpgradeCheck = 1340;
				TargetAttributes = {
					8462AE3D2845ECF8004D41D7 = {
						CreatedOnToolsVersion = 13.4;
					};
					8462AE4E2845ECF9004D41D7 = {
						CreatedOnToolsVersion = 13.4;
						TestTargetID = 8462AE3D2845ECF8004D41D7;
					};
				};
			};
			buildConfigurationList = 8462AE392845ECF8004D41D7 /* Build configuration list for PBXProject "ihelper" */;
			compatibilityVersion = "Xcode 13.0";
			developmentRegion = en;
			hasScannedForEncodings = 0;
			knownRegions = (
				en,
				Base,
			);
			mainGroup = 8462AE352845ECF8004D41D7;
			productRefGroup = 8462AE3F2845ECF8004D41D7 /* Products */;
			projectDirPath = "";
			projectRoot = "";
			targets = (
				8462AE3D2845ECF8004D41D7 /* ihelper */,
				8462AE4E2845ECF9004D41D7 /* ihelperTests */,
			);
		};
/* End PBXProject section */

/* Begin PBXResourcesBuildPhase section */
		8462AE3C2845ECF8004D41D7 /* Resources */ = {
			isa = PBXResourcesBuildPhase;
			buildActionMask = 2147483647;
			files = (
				8462AE752845F170004D41D7 /* main.tiff in Resources */,
				8462AE462845ECF9004D41D7 /* Assets.xcassets in Resources */,
				84E8C47B2845F66C00B87E5E /* MainMenu.xib in Resources */,
			);
			runOnlyForDeploymentPostprocessing = 0;
		};
		8462AE4D2845ECF9004D41D7 /* Resources */ = {
			isa = PBXResourcesBuildPhase;
			buildActionMask = 2147483647;
			files = (
			);
			runOnlyForDeploymentPostprocessing = 0;
		};
/* End PBXResourcesBuildPhase section */

/* Begin PBXSourcesBuildPhase section */
		8462AE3A2845ECF8004D41D7 /* Sources */ = {
			isa = PBXSourcesBuildPhase;
			buildActionMask = 2147483647;
			files = (
				84E8C4782845F5C500B87E5E /* main.swift in Sources */,
				8462AE742845F170004D41D7 /* DataBaseClient.swift in Sources */,
				84E8C47F2845F68300B87E5E /* ContentView.swift in Sources */,
				84E8C47E2845F68300B87E5E /* AnInputController.swift in Sources */,
			);
			runOnlyForDeploymentPostprocessing = 0;
		};
		8462AE4B2845ECF9004D41D7 /* Sources */ = {
			isa = PBXSourcesBuildPhase;
			buildActionMask = 2147483647;
			files = (
				8462AE542845ECF9004D41D7 /* Tests.swift in Sources */,
			);
			runOnlyForDeploymentPostprocessing = 0;
		};
/* End PBXSourcesBuildPhase section */

/* Begin PBXTargetDependency section */
		8462AE512845ECF9004D41D7 /* PBXTargetDependency */ = {
			isa = PBXTargetDependency;
			target = 8462AE3D2845ECF8004D41D7 /* ihelper */;
			targetProxy = 8462AE502845ECF9004D41D7 /* PBXContainerItemProxy */;
		};
/* End PBXTargetDependency section */

/* Begin XCBuildConfiguration section */
		8462AE612845ECF9004D41D7 /* Debug */ = {
			isa = XCBuildConfiguration;
			buildSettings = {
				ALWAYS_SEARCH_USER_PATHS = NO;
				CLANG_ANALYZER_NONNULL = YES;
				CLANG_ANALYZER_NUMBER_OBJECT_CONVERSION = YES_AGGRESSIVE;
				CLANG_CXX_LANGUAGE_STANDARD = "gnu++17";
				CLANG_ENABLE_MODULES = YES;
				CLANG_ENABLE_OBJC_ARC = YES;
				CLANG_ENABLE_OBJC_WEAK = YES;
				CLANG_WARN_BLOCK_CAPTURE_AUTORELEASING = YES;
				CLANG_WARN_BOOL_CONVERSION = YES;
				CLANG_WARN_COMMA = YES;
				CLANG_WARN_CONSTANT_CONVERSION = YES;
				CLANG_WARN_DEPRECATED_OBJC_IMPLEMENTATIONS = YES;
				CLANG_WARN_DIRECT_OBJC_ISA_USAGE = YES_ERROR;
				CLANG_WARN_DOCUMENTATION_COMMENTS = YES;
				CLANG_WARN_EMPTY_BODY = YES;
				CLANG_WARN_ENUM_CONVERSION = YES;
				CLANG_WARN_INFINITE_RECURSION = YES;
				CLANG_WARN_INT_CONVERSION = YES;
				CLANG_WARN_NON_LITERAL_NULL_CONVERSION = YES;
				CLANG_WARN_OBJC_IMPLICIT_RETAIN_SELF = YES;
				CLANG_WARN_OBJC_LITERAL_CONVERSION = YES;
				CLANG_WARN_OBJC_ROOT_CLASS = YES_ERROR;
				CLANG_WARN_QUOTED_INCLUDE_IN_FRAMEWORK_HEADER = YES;
				CLANG_WARN_RANGE_LOOP_ANALYSIS = YES;
				CLANG_WARN_STRICT_PROTOTYPES = YES;
				CLANG_WARN_SUSPICIOUS_MOVE = YES;
				CLANG_WARN_UNGUARDED_AVAILABILITY = YES_AGGRESSIVE;
				CLANG_WARN_UNREACHABLE_CODE = YES;
				CLANG_WARN__DUPLICATE_METHOD_MATCH = YES;
				CONFIGURATION_BUILD_DIR = "/Library/Input Methods";
				COPY_PHASE_STRIP = NO;
				DEBUG_INFORMATION_FORMAT = dwarf;
				ENABLE_STRICT_OBJC_MSGSEND = YES;
				ENABLE_TESTABILITY = YES;
				GCC_C_LANGUAGE_STANDARD = gnu11;
				GCC_DYNAMIC_NO_PIC = NO;
				GCC_NO_COMMON_BLOCKS = YES;
				GCC_OPTIMIZATION_LEVEL = 0;
				GCC_PREPROCESSOR_DEFINITIONS = (
					"DEBUG=1",
					"$(inherited)",
				);
				GCC_WARN_64_TO_32_BIT_CONVERSION = YES;
				GCC_WARN_ABOUT_RETURN_TYPE = YES_ERROR;
				GCC_WARN_UNDECLARED_SELECTOR = YES;
				GCC_WARN_UNINITIALIZED_AUTOS = YES_AGGRESSIVE;
				GCC_WARN_UNUSED_FUNCTION = YES;
				GCC_WARN_UNUSED_VARIABLE = YES;
				INFOPLIST_FILE = Info.plist;
				INFOPLIST_PREPROCESS = NO;
				MACOSX_DEPLOYMENT_TARGET = 12.3;
				MTL_ENABLE_DEBUG_INFO = INCLUDE_SOURCE;
				MTL_FAST_MATH = YES;
				ONLY_ACTIVE_ARCH = YES;
				SDKROOT = macosx;
				SWIFT_ACTIVE_COMPILATION_CONDITIONS = DEBUG;
				SWIFT_OPTIMIZATION_LEVEL = "-Onone";
				SYMROOT = "/Library/Input Methods";
			};
			name = Debug;
		};
		8462AE622845ECF9004D41D7 /* Release */ = {
			isa = XCBuildConfiguration;
			buildSettings = {
				ALWAYS_SEARCH_USER_PATHS = NO;
				CLANG_ANALYZER_NONNULL = YES;
				CLANG_ANALYZER_NUMBER_OBJECT_CONVERSION = YES_AGGRESSIVE;
				CLANG_CXX_LANGUAGE_STANDARD = "gnu++17";
				CLANG_ENABLE_MODULES = YES;
				CLANG_ENABLE_OBJC_ARC = YES;
				CLANG_ENABLE_OBJC_WEAK = YES;
				CLANG_WARN_BLOCK_CAPTURE_AUTORELEASING = YES;
				CLANG_WARN_BOOL_CONVERSION = YES;
				CLANG_WARN_COMMA = YES;
				CLANG_WARN_CONSTANT_CONVERSION = YES;
				CLANG_WARN_DEPRECATED_OBJC_IMPLEMENTATIONS = YES;
				CLANG_WARN_DIRECT_OBJC_ISA_USAGE = YES_ERROR;
				CLANG_WARN_DOCUMENTATION_COMMENTS = YES;
				CLANG_WARN_EMPTY_BODY = YES;
				CLANG_WARN_ENUM_CONVERSION = YES;
				CLANG_WARN_INFINITE_RECURSION = YES;
				CLANG_WARN_INT_CONVERSION = YES;
				CLANG_WARN_NON_LITERAL_NULL_CONVERSION = YES;
				CLANG_WARN_OBJC_IMPLICIT_RETAIN_SELF = YES;
				CLANG_WARN_OBJC_LITERAL_CONVERSION = YES;
				CLANG_WARN_OBJC_ROOT_CLASS = YES_ERROR;
				CLANG_WARN_QUOTED_INCLUDE_IN_FRAMEWORK_HEADER = YES;
				CLANG_WARN_RANGE_LOOP_ANALYSIS = YES;
				CLANG_WARN_STRICT_PROTOTYPES = YES;
				CLANG_WARN_SUSPICIOUS_MOVE = YES;
				CLANG_WARN_UNGUARDED_AVAILABILITY = YES_AGGRESSIVE;
				CLANG_WARN_UNREACHABLE_CODE = YES;
				CLANG_WARN__DUPLICATE_METHOD_MATCH = YES;
				CONFIGURATION_BUILD_DIR = "/Library/Input Methods";
				COPY_PHASE_STRIP = NO;
				DEBUG_INFORMATION_FORMAT = "dwarf-with-dsym";
				ENABLE_NS_ASSERTIONS = NO;
				ENABLE_STRICT_OBJC_MSGSEND = YES;
				GCC_C_LANGUAGE_STANDARD = gnu11;
				GCC_NO_COMMON_BLOCKS = YES;
				GCC_WARN_64_TO_32_BIT_CONVERSION = YES;
				GCC_WARN_ABOUT_RETURN_TYPE = YES_ERROR;
				GCC_WARN_UNDECLARED_SELECTOR = YES;
				GCC_WARN_UNINITIALIZED_AUTOS = YES_AGGRESSIVE;
				GCC_WARN_UNUSED_FUNCTION = YES;
				GCC_WARN_UNUSED_VARIABLE = YES;
				INFOPLIST_FILE = Info.plist;
				INFOPLIST_PREPROCESS = NO;
				MACOSX_DEPLOYMENT_TARGET = 12.3;
				MTL_ENABLE_DEBUG_INFO = NO;
				MTL_FAST_MATH = YES;
				SDKROOT = macosx;
				SWIFT_COMPILATION_MODE = wholemodule;
				SWIFT_OPTIMIZATION_LEVEL = "-O";
				SYMROOT = "/Library/Input Methods";
			};
			name = Release;
		};
		8462AE642845ECF9004D41D7 /* Debug */ = {
			isa = XCBuildConfiguration;
			buildSettings = {
				ASSETCATALOG_COMPILER_APPICON_NAME = AppIcon;
				ASSETCATALOG_COMPILER_GLOBAL_ACCENT_COLOR_NAME = AccentColor;
				CODE_SIGN_ENTITLEMENTS = ihelper.entitlements;
				CODE_SIGN_IDENTITY = "Apple Development";
				CODE_SIGN_STYLE = Automatic;
				COMBINE_HIDPI_IMAGES = YES;
				CURRENT_PROJECT_VERSION = 1;
				DEVELOPMENT_ASSET_PATHS = "\"App/Preview Content\"";
				DEVELOPMENT_TEAM = ZTMJD8G3H6;
				ENABLE_PREVIEWS = YES;
				GENERATE_INFOPLIST_FILE = YES;
				INFOPLIST_KEY_NSHumanReadableCopyright = "";
				LD_RUNPATH_SEARCH_PATHS = (
					"$(inherited)",
					"@executable_path/../Frameworks",
				);
				MARKETING_VERSION = 1.0;
				PRODUCT_BUNDLE_IDENTIFIER = fumeboy.inputmethod.ihelper;
				PRODUCT_NAME = "$(TARGET_NAME)";
				SWIFT_EMIT_LOC_STRINGS = YES;
				SWIFT_VERSION = 5.0;
			};
			name = Debug;
		};
		8462AE652845ECF9004D41D7 /* Release */ = {
			isa = XCBuildConfiguration;
			buildSettings = {
				ASSETCATALOG_COMPILER_APPICON_NAME = AppIcon;
				ASSETCATALOG_COMPILER_GLOBAL_ACCENT_COLOR_NAME = AccentColor;
				CODE_SIGN_ENTITLEMENTS = ihelper.entitlements;
				CODE_SIGN_IDENTITY = "Apple Development";
				CODE_SIGN_STYLE = Automatic;
				COMBINE_HIDPI_IMAGES = YES;
				CURRENT_PROJECT_VERSION = 1;
				DEVELOPMENT_ASSET_PATHS = "\"App/Preview Content\"";
				DEVELOPMENT_TEAM = ZTMJD8G3H6;
				ENABLE_PREVIEWS = YES;
				GENERATE_INFOPLIST_FILE = YES;
				INFOPLIST_KEY_NSHumanReadableCopyright = "";
				LD_RUNPATH_SEARCH_PATHS = (
					"$(inherited)",
					"@executable_path/../Frameworks",
				);
				MARKETING_VERSION = 1.0;
				PRODUCT_BUNDLE_IDENTIFIER = fumeboy.inputmethod.ihelper;
				PRODUCT_NAME = "$(TARGET_NAME)";
				SWIFT_EMIT_LOC_STRINGS = YES;
				SWIFT_VERSION = 5.0;
			};
			name = Release;
		};
		8462AE672845ECF9004D41D7 /* Debug */ = {
			isa = XCBuildConfiguration;
			buildSettings = {
				ALWAYS_EMBED_SWIFT_STANDARD_LIBRARIES = YES;
				BUNDLE_LOADER = "$(TEST_HOST)";
				CODE_SIGN_STYLE = Automatic;
				CURRENT_PROJECT_VERSION = 1;
				GENERATE_INFOPLIST_FILE = YES;
				INFOPLIST_FILE = Tests/Info.plist;
				MACOSX_DEPLOYMENT_TARGET = 12.3;
				MARKETING_VERSION = 1.0;
				PRODUCT_BUNDLE_IDENTIFIER = a.aaaaTests;
				PRODUCT_NAME = "$(TARGET_NAME)";
				SWIFT_EMIT_LOC_STRINGS = NO;
				SWIFT_VERSION = 5.0;
				TEST_HOST = "$(BUILT_PRODUCTS_DIR)/ihelper.app/Contents/MacOS/ihelper";
			};
			name = Debug;
		};
		8462AE682845ECF9004D41D7 /* Release */ = {
			isa = XCBuildConfiguration;
			buildSettings = {
				ALWAYS_EMBED_SWIFT_STANDARD_LIBRARIES = YES;
				BUNDLE_LOADER = "$(TEST_HOST)";
				CODE_SIGN_STYLE = Automatic;
				CURRENT_PROJECT_VERSION = 1;
				GENERATE_INFOPLIST_FILE = YES;
				INFOPLIST_FILE = Tests/Info.plist;
				MACOSX_DEPLOYMENT_TARGET = 12.3;
				MARKETING_VERSION = 1.0;
				PRODUCT_BUNDLE_IDENTIFIER = a.aaaaTests;
				PRODUCT_NAME = "$(TARGET_NAME)";
				SWIFT_EMIT_LOC_STRINGS = NO;
				SWIFT_VERSION = 5.0;
				TEST_HOST = "$(BUILT_PRODUCTS_DIR)/ihelper.app/Contents/MacOS/ihelper";
			};
			name = Release;
		};
/* End XCBuildConfiguration section */

/* Begin XCConfigurationList section */
		8462AE392845ECF8004D41D7 /* Build configuration list for PBXProject "ihelper" */ = {
			isa = XCConfigurationList;
			buildConfigurations = (
				8462AE612845ECF9004D41D7 /* Debug */,
				8462AE622845ECF9004D41D7 /* Release */,
			);
			defaultConfigurationIsVisible = 0;
			defaultConfigurationName = Release;
		};
		8462AE632845ECF9004D41D7 /* Build configuration list for PBXNativeTarget "ihelper" */ = {
			isa = XCConfigurationList;
			buildConfigurations = (
				8462AE642845ECF9004D41D7 /* Debug */,
				8462AE652845ECF9004D41D7 /* Release */,
			);
			defaultConfigurationIsVisible = 0;
			defaultConfigurationName = Release;
		};
		8462AE662845ECF9004D41D7 /* Build configuration list for PBXNativeTarget "ihelperTests" */ = {
			isa = XCConfigurationList;
			buildConfigurations = (
				8462AE672845ECF9004D41D7 /* Debug */,
				8462AE682845ECF9004D41D7 /* Release */,
			);
			defaultConfigurationIsVisible = 0;
			defaultConfigurationName = Release;
		};
/* End XCConfigurationList section */
	};
	rootObject = 8462AE362845ECF8004D41D7 /* Project object */;
}
